// !$*UTF8*$!
{
	archiveVersion = 1;
	classes = {
	};
	objectVersion = 46;
	objects = {

/* Begin PBXBuildFile section */
		0883CC3E943BC04FC67156E3 /* libPods-Tests-RSSReaderTDD.a in Frameworks */ = {isa = PBXBuildFile; fileRef = 5C78EC929FE790A9FA2A017C /* libPods-Tests-RSSReaderTDD.a */; };
		2BDA411CF83A320B7F477E8B /* RSSTableAssembly.m in Sources */ = {isa = PBXBuildFile; fileRef = A9D5B18CC24603C453FC8297 /* RSSTableAssembly.m */; };
		2C55641E1DC60DBD00EB2576 /* main.m in Sources */ = {isa = PBXBuildFile; fileRef = 2C55641D1DC60DBD00EB2576 /* main.m */; };
		2C5564211DC60DBD00EB2576 /* AppDelegate.m in Sources */ = {isa = PBXBuildFile; fileRef = 2C5564201DC60DBD00EB2576 /* AppDelegate.m */; };
		2C5564271DC60DBD00EB2576 /* Main.storyboard in Resources */ = {isa = PBXBuildFile; fileRef = 2C5564251DC60DBD00EB2576 /* Main.storyboard */; };
		2C5564291DC60DBD00EB2576 /* Assets.xcassets in Resources */ = {isa = PBXBuildFile; fileRef = 2C5564281DC60DBD00EB2576 /* Assets.xcassets */; };
		2C55642C1DC60DBD00EB2576 /* LaunchScreen.storyboard in Resources */ = {isa = PBXBuildFile; fileRef = 2C55642A1DC60DBD00EB2576 /* LaunchScreen.storyboard */; };
		2C5564371DC60DBE00EB2576 /* RSSReaderTDDTests.m in Sources */ = {isa = PBXBuildFile; fileRef = 2C5564361DC60DBE00EB2576 /* RSSReaderTDDTests.m */; };
		2CD535D81DC690F500995EB9 /* RSSLoader.m in Sources */ = {isa = PBXBuildFile; fileRef = 2CD535D71DC690F500995EB9 /* RSSLoader.m */; };
		2CD535DC1DC6941000995EB9 /* RSSLoaderTests.m in Sources */ = {isa = PBXBuildFile; fileRef = 2CD535DB1DC6941000995EB9 /* RSSLoaderTests.m */; };
		2CD535DF1DC6966A00995EB9 /* RSSXMLParser.m in Sources */ = {isa = PBXBuildFile; fileRef = 2CD535DE1DC6966A00995EB9 /* RSSXMLParser.m */; };
		2CD535E21DC6975800995EB9 /* RSSXMLParserTests.m in Sources */ = {isa = PBXBuildFile; fileRef = 2CD535E11DC6975800995EB9 /* RSSXMLParserTests.m */; };
		2CD535E91DC6B5A100995EB9 /* NewsThing.m in Sources */ = {isa = PBXBuildFile; fileRef = 2CD535E81DC6B5A100995EB9 /* NewsThing.m */; };
		35D48A40E389FAA31D6AA3A7 /* RSSTableRouter.m in Sources */ = {isa = PBXBuildFile; fileRef = DB3DDAA748DAE92A77EC8E97 /* RSSTableRouter.m */; };
		3D36C2145D50B1CFF3631FF9 /* RSSTableRouterTests.m in Sources */ = {isa = PBXBuildFile; fileRef = 703EB18567632F1DDD83DAA2 /* RSSTableRouterTests.m */; };
		522CCF6A72BA2B57394156E0 /* RSSTableViewControllerTests.m in Sources */ = {isa = PBXBuildFile; fileRef = D92ABABDCAB2AB296046EFA5 /* RSSTableViewControllerTests.m */; };
		59E272C2ACE6235A7A3563F9 /* RSSTableInteractorTests.m in Sources */ = {isa = PBXBuildFile; fileRef = 1DF43D1867E6192D05580B79 /* RSSTableInteractorTests.m */; };
		9655B557B43FBB4A36223769 /* RSSTableViewController.m in Sources */ = {isa = PBXBuildFile; fileRef = 5DD7F9BAA50711702E67F404 /* RSSTableViewController.m */; };
		B12A56452E71A54013C98DAE /* RSSTablePresenter.m in Sources */ = {isa = PBXBuildFile; fileRef = 16CA8253F7C4268A2A22456E /* RSSTablePresenter.m */; };
		BE78854B3F680A30FD35307F /* RSSTableAssemblyTests.m in Sources */ = {isa = PBXBuildFile; fileRef = 515324873EDA36BD2D29C915 /* RSSTableAssemblyTests.m */; };
		D65D476914AE5420DC9998D5 /* libPods-Tests-RSSReaderTDDTests.a in Frameworks */ = {isa = PBXBuildFile; fileRef = 5E38CAA1AD245BC491969549 /* libPods-Tests-RSSReaderTDDTests.a */; };
		EA20AB471E6E75464A46C453 /* RSSTablePresenterTests.m in Sources */ = {isa = PBXBuildFile; fileRef = ADF2A5AABA1417FB2EABCB0D /* RSSTablePresenterTests.m */; };
		F48F1DA403B532A41A95DE76 /* RSSTableInteractor.m in Sources */ = {isa = PBXBuildFile; fileRef = 3F2F2CC3E7C4F13ABFC7663D /* RSSTableInteractor.m */; };
/* End PBXBuildFile section */

/* Begin PBXContainerItemProxy section */
		2C5564331DC60DBE00EB2576 /* PBXContainerItemProxy */ = {
			isa = PBXContainerItemProxy;
			containerPortal = 2C5564111DC60DBD00EB2576 /* Project object */;
			proxyType = 1;
			remoteGlobalIDString = 2C5564181DC60DBD00EB2576;
			remoteInfo = RSSReaderTDD;
		};
/* End PBXContainerItemProxy section */

/* Begin PBXFileReference section */
		0336F23A695E96B86953352F /* RSSTableViewOutput.h */ = {isa = PBXFileReference; includeInIndex = 1; lastKnownFileType = sourcecode.c.h; path = RSSTableViewOutput.h; sourceTree = "<group>"; };
		16CA8253F7C4268A2A22456E /* RSSTablePresenter.m */ = {isa = PBXFileReference; includeInIndex = 1; lastKnownFileType = sourcecode.c.objc; path = RSSTablePresenter.m; sourceTree = "<group>"; };
		1DF43D1867E6192D05580B79 /* RSSTableInteractorTests.m */ = {isa = PBXFileReference; includeInIndex = 1; lastKnownFileType = sourcecode.c.objc; path = RSSTableInteractorTests.m; sourceTree = "<group>"; };
		241FC555380739DCC97CBACB /* RSSTableViewController.h */ = {isa = PBXFileReference; includeInIndex = 1; lastKnownFileType = sourcecode.c.h; path = RSSTableViewController.h; sourceTree = "<group>"; };
		29B232325B17A84F9BCF35BD /* RSSTableViewInput.h */ = {isa = PBXFileReference; includeInIndex = 1; lastKnownFileType = sourcecode.c.h; path = RSSTableViewInput.h; sourceTree = "<group>"; };
		2C5564191DC60DBD00EB2576 /* RSSReaderTDD.app */ = {isa = PBXFileReference; explicitFileType = wrapper.application; includeInIndex = 0; path = RSSReaderTDD.app; sourceTree = BUILT_PRODUCTS_DIR; };
		2C55641D1DC60DBD00EB2576 /* main.m */ = {isa = PBXFileReference; lastKnownFileType = sourcecode.c.objc; path = main.m; sourceTree = "<group>"; };
		2C55641F1DC60DBD00EB2576 /* AppDelegate.h */ = {isa = PBXFileReference; lastKnownFileType = sourcecode.c.h; path = AppDelegate.h; sourceTree = "<group>"; };
		2C5564201DC60DBD00EB2576 /* AppDelegate.m */ = {isa = PBXFileReference; lastKnownFileType = sourcecode.c.objc; path = AppDelegate.m; sourceTree = "<group>"; };
		2C5564261DC60DBD00EB2576 /* Base */ = {isa = PBXFileReference; lastKnownFileType = file.storyboard; name = Base; path = Base.lproj/Main.storyboard; sourceTree = "<group>"; };
		2C5564281DC60DBD00EB2576 /* Assets.xcassets */ = {isa = PBXFileReference; lastKnownFileType = folder.assetcatalog; path = Assets.xcassets; sourceTree = "<group>"; };
		2C55642B1DC60DBD00EB2576 /* Base */ = {isa = PBXFileReference; lastKnownFileType = file.storyboard; name = Base; path = Base.lproj/LaunchScreen.storyboard; sourceTree = "<group>"; };
		2C55642D1DC60DBD00EB2576 /* Info.plist */ = {isa = PBXFileReference; lastKnownFileType = text.plist.xml; path = Info.plist; sourceTree = "<group>"; };
		2C5564321DC60DBE00EB2576 /* RSSReaderTDDTests.xctest */ = {isa = PBXFileReference; explicitFileType = wrapper.cfbundle; includeInIndex = 0; path = RSSReaderTDDTests.xctest; sourceTree = BUILT_PRODUCTS_DIR; };
		2C5564361DC60DBE00EB2576 /* RSSReaderTDDTests.m */ = {isa = PBXFileReference; lastKnownFileType = sourcecode.c.objc; path = RSSReaderTDDTests.m; sourceTree = "<group>"; };
		2C5564381DC60DBE00EB2576 /* Info.plist */ = {isa = PBXFileReference; lastKnownFileType = text.plist.xml; path = Info.plist; sourceTree = "<group>"; };
		2CD535D61DC690F500995EB9 /* RSSLoader.h */ = {isa = PBXFileReference; fileEncoding = 4; lastKnownFileType = sourcecode.c.h; path = RSSLoader.h; sourceTree = "<group>"; };
		2CD535D71DC690F500995EB9 /* RSSLoader.m */ = {isa = PBXFileReference; fileEncoding = 4; lastKnownFileType = sourcecode.c.objc; path = RSSLoader.m; sourceTree = "<group>"; };
		2CD535DB1DC6941000995EB9 /* RSSLoaderTests.m */ = {isa = PBXFileReference; fileEncoding = 4; lastKnownFileType = sourcecode.c.objc; path = RSSLoaderTests.m; sourceTree = "<group>"; };
		2CD535DD1DC6966A00995EB9 /* RSSXMLParser.h */ = {isa = PBXFileReference; fileEncoding = 4; lastKnownFileType = sourcecode.c.h; path = RSSXMLParser.h; sourceTree = "<group>"; };
		2CD535DE1DC6966A00995EB9 /* RSSXMLParser.m */ = {isa = PBXFileReference; fileEncoding = 4; lastKnownFileType = sourcecode.c.objc; path = RSSXMLParser.m; sourceTree = "<group>"; };
		2CD535E11DC6975800995EB9 /* RSSXMLParserTests.m */ = {isa = PBXFileReference; fileEncoding = 4; lastKnownFileType = sourcecode.c.objc; path = RSSXMLParserTests.m; sourceTree = "<group>"; };
		2CD535E71DC6B5A100995EB9 /* NewsThing.h */ = {isa = PBXFileReference; fileEncoding = 4; lastKnownFileType = sourcecode.c.h; path = NewsThing.h; sourceTree = "<group>"; };
		2CD535E81DC6B5A100995EB9 /* NewsThing.m */ = {isa = PBXFileReference; fileEncoding = 4; lastKnownFileType = sourcecode.c.objc; path = NewsThing.m; sourceTree = "<group>"; };
		3F2F2CC3E7C4F13ABFC7663D /* RSSTableInteractor.m */ = {isa = PBXFileReference; includeInIndex = 1; lastKnownFileType = sourcecode.c.objc; path = RSSTableInteractor.m; sourceTree = "<group>"; };
		4B5A7069CFF593D182DCA171 /* Pods-Tests-RSSReaderTDD.debug.xcconfig */ = {isa = PBXFileReference; includeInIndex = 1; lastKnownFileType = text.xcconfig; name = "Pods-Tests-RSSReaderTDD.debug.xcconfig"; path = "Pods/Target Support Files/Pods-Tests-RSSReaderTDD/Pods-Tests-RSSReaderTDD.debug.xcconfig"; sourceTree = "<group>"; };
		4CF9DD7F62F659BAEC62DA23 /* RSSTableInteractorInput.h */ = {isa = PBXFileReference; includeInIndex = 1; lastKnownFileType = sourcecode.c.h; path = RSSTableInteractorInput.h; sourceTree = "<group>"; };
		515324873EDA36BD2D29C915 /* RSSTableAssemblyTests.m */ = {isa = PBXFileReference; includeInIndex = 1; lastKnownFileType = sourcecode.c.objc; path = RSSTableAssemblyTests.m; sourceTree = "<group>"; };
		58C1152DB021A114260D70B9 /* RSSTableInteractorOutput.h */ = {isa = PBXFileReference; includeInIndex = 1; lastKnownFileType = sourcecode.c.h; path = RSSTableInteractorOutput.h; sourceTree = "<group>"; };
		5C78EC929FE790A9FA2A017C /* libPods-Tests-RSSReaderTDD.a */ = {isa = PBXFileReference; explicitFileType = archive.ar; includeInIndex = 0; path = "libPods-Tests-RSSReaderTDD.a"; sourceTree = BUILT_PRODUCTS_DIR; };
		5DD7F9BAA50711702E67F404 /* RSSTableViewController.m */ = {isa = PBXFileReference; includeInIndex = 1; lastKnownFileType = sourcecode.c.objc; path = RSSTableViewController.m; sourceTree = "<group>"; };
		5E38CAA1AD245BC491969549 /* libPods-Tests-RSSReaderTDDTests.a */ = {isa = PBXFileReference; explicitFileType = archive.ar; includeInIndex = 0; path = "libPods-Tests-RSSReaderTDDTests.a"; sourceTree = BUILT_PRODUCTS_DIR; };
		6AF8F20BA52B85C4AF9357C8 /* RSSTableRouterInput.h */ = {isa = PBXFileReference; includeInIndex = 1; lastKnownFileType = sourcecode.c.h; path = RSSTableRouterInput.h; sourceTree = "<group>"; };
		6EEF1C306159F70970D671C5 /* Pods-Tests-RSSReaderTDD.release.xcconfig */ = {isa = PBXFileReference; includeInIndex = 1; lastKnownFileType = text.xcconfig; name = "Pods-Tests-RSSReaderTDD.release.xcconfig"; path = "Pods/Target Support Files/Pods-Tests-RSSReaderTDD/Pods-Tests-RSSReaderTDD.release.xcconfig"; sourceTree = "<group>"; };
		703EB18567632F1DDD83DAA2 /* RSSTableRouterTests.m */ = {isa = PBXFileReference; includeInIndex = 1; lastKnownFileType = sourcecode.c.objc; path = RSSTableRouterTests.m; sourceTree = "<group>"; };
		8AB849944877016C63E370C2 /* RSSTableRouter.h */ = {isa = PBXFileReference; includeInIndex = 1; lastKnownFileType = sourcecode.c.h; path = RSSTableRouter.h; sourceTree = "<group>"; };
		91F2DA2AE39DDA47E1C47EF8 /* RSSTableInteractor.h */ = {isa = PBXFileReference; includeInIndex = 1; lastKnownFileType = sourcecode.c.h; path = RSSTableInteractor.h; sourceTree = "<group>"; };
		965842D5325185D6F8906A5F /* RSSTableAssembly_Testable.h */ = {isa = PBXFileReference; includeInIndex = 1; lastKnownFileType = sourcecode.c.h; path = RSSTableAssembly_Testable.h; sourceTree = "<group>"; };
		A04EE37412F4FA7B4E242F6F /* Pods-Tests-RSSReaderTDDTests.debug.xcconfig */ = {isa = PBXFileReference; includeInIndex = 1; lastKnownFileType = text.xcconfig; name = "Pods-Tests-RSSReaderTDDTests.debug.xcconfig"; path = "Pods/Target Support Files/Pods-Tests-RSSReaderTDDTests/Pods-Tests-RSSReaderTDDTests.debug.xcconfig"; sourceTree = "<group>"; };
		A3729F9D866F6877A20AF360 /* RSSTablePresenter.h */ = {isa = PBXFileReference; includeInIndex = 1; lastKnownFileType = sourcecode.c.h; path = RSSTablePresenter.h; sourceTree = "<group>"; };
		A9D5B18CC24603C453FC8297 /* RSSTableAssembly.m */ = {isa = PBXFileReference; includeInIndex = 1; lastKnownFileType = sourcecode.c.objc; path = RSSTableAssembly.m; sourceTree = "<group>"; };
		AC2525830E929AA8B89DF60B /* Pods-Tests-RSSReaderTDDTests.release.xcconfig */ = {isa = PBXFileReference; includeInIndex = 1; lastKnownFileType = text.xcconfig; name = "Pods-Tests-RSSReaderTDDTests.release.xcconfig"; path = "Pods/Target Support Files/Pods-Tests-RSSReaderTDDTests/Pods-Tests-RSSReaderTDDTests.release.xcconfig"; sourceTree = "<group>"; };
		ADF2A5AABA1417FB2EABCB0D /* RSSTablePresenterTests.m */ = {isa = PBXFileReference; includeInIndex = 1; lastKnownFileType = sourcecode.c.objc; path = RSSTablePresenterTests.m; sourceTree = "<group>"; };
		CC0CF720632FEF7C08CA63BC /* RSSTableAssembly.h */ = {isa = PBXFileReference; includeInIndex = 1; lastKnownFileType = sourcecode.c.h; path = RSSTableAssembly.h; sourceTree = "<group>"; };
		D92ABABDCAB2AB296046EFA5 /* RSSTableViewControllerTests.m */ = {isa = PBXFileReference; includeInIndex = 1; lastKnownFileType = sourcecode.c.objc; path = RSSTableViewControllerTests.m; sourceTree = "<group>"; };
		DB3DDAA748DAE92A77EC8E97 /* RSSTableRouter.m */ = {isa = PBXFileReference; includeInIndex = 1; lastKnownFileType = sourcecode.c.objc; path = RSSTableRouter.m; sourceTree = "<group>"; };
		E2A2ABE22C4EAC15BD326392 /* RSSTableModuleInput.h */ = {isa = PBXFileReference; includeInIndex = 1; lastKnownFileType = sourcecode.c.h; path = RSSTableModuleInput.h; sourceTree = "<group>"; };
/* End PBXFileReference section */

/* Begin PBXFrameworksBuildPhase section */
		2C5564161DC60DBD00EB2576 /* Frameworks */ = {
			isa = PBXFrameworksBuildPhase;
			buildActionMask = 2147483647;
			files = (
				0883CC3E943BC04FC67156E3 /* libPods-Tests-RSSReaderTDD.a in Frameworks */,
			);
			runOnlyForDeploymentPostprocessing = 0;
		};
		2C55642F1DC60DBE00EB2576 /* Frameworks */ = {
			isa = PBXFrameworksBuildPhase;
			buildActionMask = 2147483647;
			files = (
				D65D476914AE5420DC9998D5 /* libPods-Tests-RSSReaderTDDTests.a in Frameworks */,
			);
			runOnlyForDeploymentPostprocessing = 0;
		};
/* End PBXFrameworksBuildPhase section */

/* Begin PBXGroup section */
		1D782C645C217D27A7950BD0 /* Assembly */ = {
			isa = PBXGroup;
			children = (
				515324873EDA36BD2D29C915 /* RSSTableAssemblyTests.m */,
				965842D5325185D6F8906A5F /* RSSTableAssembly_Testable.h */,
			);
			path = Assembly;
			sourceTree = "<group>";
		};
		2C5564101DC60DBD00EB2576 = {
			isa = PBXGroup;
			children = (
				2C55641B1DC60DBD00EB2576 /* RSSReaderTDD */,
				2C5564351DC60DBE00EB2576 /* RSSReaderTDDTests */,
				2C55641A1DC60DBD00EB2576 /* Products */,
				2F5528B92F1FB116001D151A /* Pods */,
				53EAAC39F3B9D208529CD1EA /* Frameworks */,
				E5338B72309AED89BAE20E34 /* modules */,
			);
			sourceTree = "<group>";
		};
		2C55641A1DC60DBD00EB2576 /* Products */ = {
			isa = PBXGroup;
			children = (
				2C5564191DC60DBD00EB2576 /* RSSReaderTDD.app */,
				2C5564321DC60DBE00EB2576 /* RSSReaderTDDTests.xctest */,
			);
			name = Products;
			sourceTree = "<group>";
		};
		2C55641B1DC60DBD00EB2576 /* RSSReaderTDD */ = {
			isa = PBXGroup;
			children = (
				2C55641F1DC60DBD00EB2576 /* AppDelegate.h */,
				2C5564201DC60DBD00EB2576 /* AppDelegate.m */,
				2C5564251DC60DBD00EB2576 /* Main.storyboard */,
				2C5564281DC60DBD00EB2576 /* Assets.xcassets */,
				2C55642A1DC60DBD00EB2576 /* LaunchScreen.storyboard */,
				2C55642D1DC60DBD00EB2576 /* Info.plist */,
				2C55641C1DC60DBD00EB2576 /* Supporting Files */,
			);
			path = RSSReaderTDD;
			sourceTree = "<group>";
		};
		2C55641C1DC60DBD00EB2576 /* Supporting Files */ = {
			isa = PBXGroup;
			children = (
				2C55641D1DC60DBD00EB2576 /* main.m */,
			);
			name = "Supporting Files";
			sourceTree = "<group>";
		};
		2C5564351DC60DBE00EB2576 /* RSSReaderTDDTests */ = {
			isa = PBXGroup;
			children = (
				2C5564361DC60DBE00EB2576 /* RSSReaderTDDTests.m */,
				2C5564381DC60DBE00EB2576 /* Info.plist */,
				46EB9A8047AC652867C80052 /* RSSTable */,
			);
			path = RSSReaderTDDTests;
			sourceTree = "<group>";
		};
		2CD535D51DC690CB00995EB9 /* Services */ = {
			isa = PBXGroup;
			children = (
				2CD535DD1DC6966A00995EB9 /* RSSXMLParser.h */,
				2CD535DE1DC6966A00995EB9 /* RSSXMLParser.m */,
				2CD535D61DC690F500995EB9 /* RSSLoader.h */,
				2CD535D71DC690F500995EB9 /* RSSLoader.m */,
				2CD535E71DC6B5A100995EB9 /* NewsThing.h */,
				2CD535E81DC6B5A100995EB9 /* NewsThing.m */,
			);
			name = Services;
			sourceTree = "<group>";
		};
		2CD535D91DC6910600995EB9 /* Services */ = {
			isa = PBXGroup;
			children = (
				2CD535DB1DC6941000995EB9 /* RSSLoaderTests.m */,
				2CD535E11DC6975800995EB9 /* RSSXMLParserTests.m */,
			);
			name = Services;
			sourceTree = "<group>";
		};
		2F5528B92F1FB116001D151A /* Pods */ = {
			isa = PBXGroup;
			children = (
				A04EE37412F4FA7B4E242F6F /* Pods-Tests-RSSReaderTDDTests.debug.xcconfig */,
				AC2525830E929AA8B89DF60B /* Pods-Tests-RSSReaderTDDTests.release.xcconfig */,
				4B5A7069CFF593D182DCA171 /* Pods-Tests-RSSReaderTDD.debug.xcconfig */,
				6EEF1C306159F70970D671C5 /* Pods-Tests-RSSReaderTDD.release.xcconfig */,
			);
			name = Pods;
			sourceTree = "<group>";
		};
		4304C9E09953BBBB30303EEF /* Presenter */ = {
			isa = PBXGroup;
			children = (
				E2A2ABE22C4EAC15BD326392 /* RSSTableModuleInput.h */,
				A3729F9D866F6877A20AF360 /* RSSTablePresenter.h */,
				16CA8253F7C4268A2A22456E /* RSSTablePresenter.m */,
			);
			path = Presenter;
			sourceTree = "<group>";
		};
		46EB9A8047AC652867C80052 /* RSSTable */ = {
			isa = PBXGroup;
			children = (
				1D782C645C217D27A7950BD0 /* Assembly */,
				57DB9180BCC98490719DD8B5 /* View */,
				5D6A6765007FB9169A30C4EB /* Presenter */,
				C96C19A4C6AD64D2E76D3747 /* Interactor */,
				48C735EC5956EF1EBE07108E /* Router */,
			);
			path = RSSTable;
			sourceTree = "<group>";
		};
		48C735EC5956EF1EBE07108E /* Router */ = {
			isa = PBXGroup;
			children = (
				703EB18567632F1DDD83DAA2 /* RSSTableRouterTests.m */,
			);
			path = Router;
			sourceTree = "<group>";
		};
		53EAAC39F3B9D208529CD1EA /* Frameworks */ = {
			isa = PBXGroup;
			children = (
				5E38CAA1AD245BC491969549 /* libPods-Tests-RSSReaderTDDTests.a */,
				5C78EC929FE790A9FA2A017C /* libPods-Tests-RSSReaderTDD.a */,
			);
			name = Frameworks;
			sourceTree = "<group>";
		};
		57DB9180BCC98490719DD8B5 /* View */ = {
			isa = PBXGroup;
			children = (
				D92ABABDCAB2AB296046EFA5 /* RSSTableViewControllerTests.m */,
			);
			path = View;
			sourceTree = "<group>";
		};
		5D6A6765007FB9169A30C4EB /* Presenter */ = {
			isa = PBXGroup;
			children = (
				ADF2A5AABA1417FB2EABCB0D /* RSSTablePresenterTests.m */,
			);
			path = Presenter;
			sourceTree = "<group>";
		};
		676B0002CC245C69D24014CB /* Router */ = {
			isa = PBXGroup;
			children = (
				6AF8F20BA52B85C4AF9357C8 /* RSSTableRouterInput.h */,
				8AB849944877016C63E370C2 /* RSSTableRouter.h */,
				DB3DDAA748DAE92A77EC8E97 /* RSSTableRouter.m */,
			);
			path = Router;
			sourceTree = "<group>";
		};
		9404E6CB940FEC27F1F55E0F /* View */ = {
			isa = PBXGroup;
			children = (
				29B232325B17A84F9BCF35BD /* RSSTableViewInput.h */,
				0336F23A695E96B86953352F /* RSSTableViewOutput.h */,
				241FC555380739DCC97CBACB /* RSSTableViewController.h */,
				5DD7F9BAA50711702E67F404 /* RSSTableViewController.m */,
			);
			path = View;
			sourceTree = "<group>";
		};
		9C0672492B1104C3497FA24D /* Assembly */ = {
			isa = PBXGroup;
			children = (
				CC0CF720632FEF7C08CA63BC /* RSSTableAssembly.h */,
				A9D5B18CC24603C453FC8297 /* RSSTableAssembly.m */,
			);
			path = Assembly;
			sourceTree = "<group>";
		};
		A48F050934D1FD30732C8536 /* Interactor */ = {
			isa = PBXGroup;
			children = (
				2CD535D51DC690CB00995EB9 /* Services */,
				4CF9DD7F62F659BAEC62DA23 /* RSSTableInteractorInput.h */,
				58C1152DB021A114260D70B9 /* RSSTableInteractorOutput.h */,
				91F2DA2AE39DDA47E1C47EF8 /* RSSTableInteractor.h */,
				3F2F2CC3E7C4F13ABFC7663D /* RSSTableInteractor.m */,
			);
			path = Interactor;
			sourceTree = "<group>";
		};
		C96C19A4C6AD64D2E76D3747 /* Interactor */ = {
			isa = PBXGroup;
			children = (
				2CD535D91DC6910600995EB9 /* Services */,
				1DF43D1867E6192D05580B79 /* RSSTableInteractorTests.m */,
			);
			path = Interactor;
			sourceTree = "<group>";
		};
		C96DD3ECC4935CE7247C0995 /* RSSTable */ = {
			isa = PBXGroup;
			children = (
				9C0672492B1104C3497FA24D /* Assembly */,
				9404E6CB940FEC27F1F55E0F /* View */,
				4304C9E09953BBBB30303EEF /* Presenter */,
				A48F050934D1FD30732C8536 /* Interactor */,
				676B0002CC245C69D24014CB /* Router */,
			);
			path = RSSTable;
			sourceTree = "<group>";
		};
		E5338B72309AED89BAE20E34 /* modules */ = {
			isa = PBXGroup;
			children = (
				C96DD3ECC4935CE7247C0995 /* RSSTable */,
			);
			path = modules;
			sourceTree = "<group>";
		};
/* End PBXGroup section */

/* Begin PBXNativeTarget section */
		2C5564181DC60DBD00EB2576 /* RSSReaderTDD */ = {
			isa = PBXNativeTarget;
			buildConfigurationList = 2C55643B1DC60DBE00EB2576 /* Build configuration list for PBXNativeTarget "RSSReaderTDD" */;
			buildPhases = (
				4375EAF191153D37B4394E30 /* [CP] Check Pods Manifest.lock */,
				2C5564151DC60DBD00EB2576 /* Sources */,
				2C5564161DC60DBD00EB2576 /* Frameworks */,
				2C5564171DC60DBD00EB2576 /* Resources */,
				CE0B395C2C60FFCD9E48492C /* [CP] Embed Pods Frameworks */,
				703B976691E80DAE5EC5FF4E /* [CP] Copy Pods Resources */,
			);
			buildRules = (
			);
			dependencies = (
			);
			name = RSSReaderTDD;
			productName = RSSReaderTDD;
			productReference = 2C5564191DC60DBD00EB2576 /* RSSReaderTDD.app */;
			productType = "com.apple.product-type.application";
		};
		2C5564311DC60DBE00EB2576 /* RSSReaderTDDTests */ = {
			isa = PBXNativeTarget;
			buildConfigurationList = 2C55643E1DC60DBE00EB2576 /* Build configuration list for PBXNativeTarget "RSSReaderTDDTests" */;
			buildPhases = (
				A6197395E8541864AA2760CF /* [CP] Check Pods Manifest.lock */,
				2C55642E1DC60DBE00EB2576 /* Sources */,
				2C55642F1DC60DBE00EB2576 /* Frameworks */,
				2C5564301DC60DBE00EB2576 /* Resources */,
				300846A61A0AC25C5AFE1134 /* [CP] Embed Pods Frameworks */,
				215FDA3EB8F47E6CEDEE19B0 /* [CP] Copy Pods Resources */,
			);
			buildRules = (
			);
			dependencies = (
				2C5564341DC60DBE00EB2576 /* PBXTargetDependency */,
			);
			name = RSSReaderTDDTests;
			productName = RSSReaderTDDTests;
			productReference = 2C5564321DC60DBE00EB2576 /* RSSReaderTDDTests.xctest */;
			productType = "com.apple.product-type.bundle.unit-test";
		};
/* End PBXNativeTarget section */

/* Begin PBXProject section */
		2C5564111DC60DBD00EB2576 /* Project object */ = {
			isa = PBXProject;
			attributes = {
				LastUpgradeCheck = 0800;
				ORGANIZATIONNAME = codelobber;
				TargetAttributes = {
					2C5564181DC60DBD00EB2576 = {
						CreatedOnToolsVersion = 8.0;
						DevelopmentTeam = LX5AYDQ4YD;
						ProvisioningStyle = Automatic;
					};
					2C5564311DC60DBE00EB2576 = {
						CreatedOnToolsVersion = 8.0;
						ProvisioningStyle = Automatic;
						TestTargetID = 2C5564181DC60DBD00EB2576;
					};
				};
			};
			buildConfigurationList = 2C5564141DC60DBD00EB2576 /* Build configuration list for PBXProject "RSSReaderTDD" */;
			compatibilityVersion = "Xcode 3.2";
			developmentRegion = English;
			hasScannedForEncodings = 0;
			knownRegions = (
				en,
				Base,
			);
			mainGroup = 2C5564101DC60DBD00EB2576;
			productRefGroup = 2C55641A1DC60DBD00EB2576 /* Products */;
			projectDirPath = "";
			projectRoot = "";
			targets = (
				2C5564181DC60DBD00EB2576 /* RSSReaderTDD */,
				2C5564311DC60DBE00EB2576 /* RSSReaderTDDTests */,
			);
		};
/* End PBXProject section */

/* Begin PBXResourcesBuildPhase section */
		2C5564171DC60DBD00EB2576 /* Resources */ = {
			isa = PBXResourcesBuildPhase;
			buildActionMask = 2147483647;
			files = (
				2C55642C1DC60DBD00EB2576 /* LaunchScreen.storyboard in Resources */,
				2C5564291DC60DBD00EB2576 /* Assets.xcassets in Resources */,
				2C5564271DC60DBD00EB2576 /* Main.storyboard in Resources */,
			);
			runOnlyForDeploymentPostprocessing = 0;
		};
		2C5564301DC60DBE00EB2576 /* Resources */ = {
			isa = PBXResourcesBuildPhase;
			buildActionMask = 2147483647;
			files = (
			);
			runOnlyForDeploymentPostprocessing = 0;
		};
/* End PBXResourcesBuildPhase section */

/* Begin PBXShellScriptBuildPhase section */
		215FDA3EB8F47E6CEDEE19B0 /* [CP] Copy Pods Resources */ = {
			isa = PBXShellScriptBuildPhase;
			buildActionMask = 2147483647;
			files = (
			);
			inputPaths = (
			);
			name = "[CP] Copy Pods Resources";
			outputPaths = (
			);
			runOnlyForDeploymentPostprocessing = 0;
			shellPath = /bin/sh;
			shellScript = "\"${SRCROOT}/Pods/Target Support Files/Pods-Tests-RSSReaderTDDTests/Pods-Tests-RSSReaderTDDTests-resources.sh\"\n";
			showEnvVarsInLog = 0;
		};
		300846A61A0AC25C5AFE1134 /* [CP] Embed Pods Frameworks */ = {
			isa = PBXShellScriptBuildPhase;
			buildActionMask = 2147483647;
			files = (
			);
			inputPaths = (
			);
			name = "[CP] Embed Pods Frameworks";
			outputPaths = (
			);
			runOnlyForDeploymentPostprocessing = 0;
			shellPath = /bin/sh;
			shellScript = "\"${SRCROOT}/Pods/Target Support Files/Pods-Tests-RSSReaderTDDTests/Pods-Tests-RSSReaderTDDTests-frameworks.sh\"\n";
			showEnvVarsInLog = 0;
		};
		4375EAF191153D37B4394E30 /* [CP] Check Pods Manifest.lock */ = {
			isa = PBXShellScriptBuildPhase;
			buildActionMask = 2147483647;
			files = (
			);
			inputPaths = (
			);
			name = "[CP] Check Pods Manifest.lock";
			outputPaths = (
			);
			runOnlyForDeploymentPostprocessing = 0;
			shellPath = /bin/sh;
			shellScript = "diff \"${PODS_ROOT}/../Podfile.lock\" \"${PODS_ROOT}/Manifest.lock\" > /dev/null\nif [ $? != 0 ] ; then\n    # print error to STDERR\n    echo \"error: The sandbox is not in sync with the Podfile.lock. Run 'pod install' or update your CocoaPods installation.\" >&2\n    exit 1\nfi\n";
			showEnvVarsInLog = 0;
		};
		703B976691E80DAE5EC5FF4E /* [CP] Copy Pods Resources */ = {
			isa = PBXShellScriptBuildPhase;
			buildActionMask = 2147483647;
			files = (
			);
			inputPaths = (
			);
			name = "[CP] Copy Pods Resources";
			outputPaths = (
			);
			runOnlyForDeploymentPostprocessing = 0;
			shellPath = /bin/sh;
			shellScript = "\"${SRCROOT}/Pods/Target Support Files/Pods-Tests-RSSReaderTDD/Pods-Tests-RSSReaderTDD-resources.sh\"\n";
			showEnvVarsInLog = 0;
		};
		A6197395E8541864AA2760CF /* [CP] Check Pods Manifest.lock */ = {
			isa = PBXShellScriptBuildPhase;
			buildActionMask = 2147483647;
			files = (
			);
			inputPaths = (
			);
			name = "[CP] Check Pods Manifest.lock";
			outputPaths = (
			);
			runOnlyForDeploymentPostprocessing = 0;
			shellPath = /bin/sh;
			shellScript = "diff \"${PODS_ROOT}/../Podfile.lock\" \"${PODS_ROOT}/Manifest.lock\" > /dev/null\nif [ $? != 0 ] ; then\n    # print error to STDERR\n    echo \"error: The sandbox is not in sync with the Podfile.lock. Run 'pod install' or update your CocoaPods installation.\" >&2\n    exit 1\nfi\n";
			showEnvVarsInLog = 0;
		};
		CE0B395C2C60FFCD9E48492C /* [CP] Embed Pods Frameworks */ = {
			isa = PBXShellScriptBuildPhase;
			buildActionMask = 2147483647;
			files = (
			);
			inputPaths = (
			);
			name = "[CP] Embed Pods Frameworks";
			outputPaths = (
			);
			runOnlyForDeploymentPostprocessing = 0;
			shellPath = /bin/sh;
			shellScript = "\"${SRCROOT}/Pods/Target Support Files/Pods-Tests-RSSReaderTDD/Pods-Tests-RSSReaderTDD-frameworks.sh\"\n";
			showEnvVarsInLog = 0;
		};
/* End PBXShellScriptBuildPhase section */

/* Begin PBXSourcesBuildPhase section */
		2C5564151DC60DBD00EB2576 /* Sources */ = {
			isa = PBXSourcesBuildPhase;
			buildActionMask = 2147483647;
			files = (
				2C5564211DC60DBD00EB2576 /* AppDelegate.m in Sources */,
				2C55641E1DC60DBD00EB2576 /* main.m in Sources */,
				2BDA411CF83A320B7F477E8B /* RSSTableAssembly.m in Sources */,
				9655B557B43FBB4A36223769 /* RSSTableViewController.m in Sources */,
				B12A56452E71A54013C98DAE /* RSSTablePresenter.m in Sources */,
				2CD535D81DC690F500995EB9 /* RSSLoader.m in Sources */,
				F48F1DA403B532A41A95DE76 /* RSSTableInteractor.m in Sources */,
				2CD535E91DC6B5A100995EB9 /* NewsThing.m in Sources */,
				35D48A40E389FAA31D6AA3A7 /* RSSTableRouter.m in Sources */,
			);
			runOnlyForDeploymentPostprocessing = 0;
		};
		2C55642E1DC60DBE00EB2576 /* Sources */ = {
			isa = PBXSourcesBuildPhase;
			buildActionMask = 2147483647;
			files = (
				2C5564371DC60DBE00EB2576 /* RSSReaderTDDTests.m in Sources */,
				BE78854B3F680A30FD35307F /* RSSTableAssemblyTests.m in Sources */,
				522CCF6A72BA2B57394156E0 /* RSSTableViewControllerTests.m in Sources */,
				EA20AB471E6E75464A46C453 /* RSSTablePresenterTests.m in Sources */,
				59E272C2ACE6235A7A3563F9 /* RSSTableInteractorTests.m in Sources */,
				2CD535E21DC6975800995EB9 /* RSSXMLParserTests.m in Sources */,
				2CD535DC1DC6941000995EB9 /* RSSLoaderTests.m in Sources */,
				3D36C2145D50B1CFF3631FF9 /* RSSTableRouterTests.m in Sources */,
				2CD535DF1DC6966A00995EB9 /* RSSXMLParser.m in Sources */,
			);
			runOnlyForDeploymentPostprocessing = 0;
		};
/* End PBXSourcesBuildPhase section */

/* Begin PBXTargetDependency section */
		2C5564341DC60DBE00EB2576 /* PBXTargetDependency */ = {
			isa = PBXTargetDependency;
			target = 2C5564181DC60DBD00EB2576 /* RSSReaderTDD */;
			targetProxy = 2C5564331DC60DBE00EB2576 /* PBXContainerItemProxy */;
		};
/* End PBXTargetDependency section */

/* Begin PBXVariantGroup section */
		2C5564251DC60DBD00EB2576 /* Main.storyboard */ = {
			isa = PBXVariantGroup;
			children = (
				2C5564261DC60DBD00EB2576 /* Base */,
			);
			name = Main.storyboard;
			sourceTree = "<group>";
		};
		2C55642A1DC60DBD00EB2576 /* LaunchScreen.storyboard */ = {
			isa = PBXVariantGroup;
			children = (
				2C55642B1DC60DBD00EB2576 /* Base */,
			);
			name = LaunchScreen.storyboard;
			sourceTree = "<group>";
		};
/* End PBXVariantGroup section */

/* Begin XCBuildConfiguration section */
		2C5564391DC60DBE00EB2576 /* Debug */ = {
			isa = XCBuildConfiguration;
			buildSettings = {
				ALWAYS_SEARCH_USER_PATHS = NO;
				CLANG_ANALYZER_NONNULL = YES;
				CLANG_CXX_LANGUAGE_STANDARD = "gnu++0x";
				CLANG_CXX_LIBRARY = "libc++";
				CLANG_ENABLE_MODULES = YES;
				CLANG_ENABLE_OBJC_ARC = YES;
				CLANG_WARN_BOOL_CONVERSION = YES;
				CLANG_WARN_CONSTANT_CONVERSION = YES;
				CLANG_WARN_DIRECT_OBJC_ISA_USAGE = YES_ERROR;
				CLANG_WARN_DOCUMENTATION_COMMENTS = YES;
				CLANG_WARN_EMPTY_BODY = YES;
				CLANG_WARN_ENUM_CONVERSION = YES;
				CLANG_WARN_INFINITE_RECURSION = YES;
				CLANG_WARN_INT_CONVERSION = YES;
				CLANG_WARN_OBJC_ROOT_CLASS = YES_ERROR;
				CLANG_WARN_SUSPICIOUS_MOVES = YES;
				CLANG_WARN_UNREACHABLE_CODE = YES;
				CLANG_WARN__DUPLICATE_METHOD_MATCH = YES;
				"CODE_SIGN_IDENTITY[sdk=iphoneos*]" = "iPhone Developer";
				COPY_PHASE_STRIP = NO;
				DEBUG_INFORMATION_FORMAT = dwarf;
				ENABLE_STRICT_OBJC_MSGSEND = YES;
				ENABLE_TESTABILITY = YES;
				GCC_C_LANGUAGE_STANDARD = gnu99;
				GCC_DYNAMIC_NO_PIC = NO;
				GCC_NO_COMMON_BLOCKS = YES;
				GCC_OPTIMIZATION_LEVEL = 0;
				GCC_PREPROCESSOR_DEFINITIONS = (
					"DEBUG=1",
					"$(inherited)",
				);
				GCC_WARN_64_TO_32_BIT_CONVERSION = YES;
				GCC_WARN_ABOUT_RETURN_TYPE = YES_ERROR;
				GCC_WARN_UNDECLARED_SELECTOR = YES;
				GCC_WARN_UNINITIALIZED_AUTOS = YES_AGGRESSIVE;
				GCC_WARN_UNUSED_FUNCTION = YES;
				GCC_WARN_UNUSED_VARIABLE = YES;
				IPHONEOS_DEPLOYMENT_TARGET = 10.0;
				MTL_ENABLE_DEBUG_INFO = YES;
				ONLY_ACTIVE_ARCH = YES;
				SDKROOT = iphoneos;
			};
			name = Debug;
		};
		2C55643A1DC60DBE00EB2576 /* Release */ = {
			isa = XCBuildConfiguration;
			buildSettings = {
				ALWAYS_SEARCH_USER_PATHS = NO;
				CLANG_ANALYZER_NONNULL = YES;
				CLANG_CXX_LANGUAGE_STANDARD = "gnu++0x";
				CLANG_CXX_LIBRARY = "libc++";
				CLANG_ENABLE_MODULES = YES;
				CLANG_ENABLE_OBJC_ARC = YES;
				CLANG_WARN_BOOL_CONVERSION = YES;
				CLANG_WARN_CONSTANT_CONVERSION = YES;
				CLANG_WARN_DIRECT_OBJC_ISA_USAGE = YES_ERROR;
				CLANG_WARN_DOCUMENTATION_COMMENTS = YES;
				CLANG_WARN_EMPTY_BODY = YES;
				CLANG_WARN_ENUM_CONVERSION = YES;
				CLANG_WARN_INFINITE_RECURSION = YES;
				CLANG_WARN_INT_CONVERSION = YES;
				CLANG_WARN_OBJC_ROOT_CLASS = YES_ERROR;
				CLANG_WARN_SUSPICIOUS_MOVES = YES;
				CLANG_WARN_UNREACHABLE_CODE = YES;
				CLANG_WARN__DUPLICATE_METHOD_MATCH = YES;
				"CODE_SIGN_IDENTITY[sdk=iphoneos*]" = "iPhone Developer";
				COPY_PHASE_STRIP = NO;
				DEBUG_INFORMATION_FORMAT = "dwarf-with-dsym";
				ENABLE_NS_ASSERTIONS = NO;
				ENABLE_STRICT_OBJC_MSGSEND = YES;
				GCC_C_LANGUAGE_STANDARD = gnu99;
				GCC_NO_COMMON_BLOCKS = YES;
				GCC_WARN_64_TO_32_BIT_CONVERSION = YES;
				GCC_WARN_ABOUT_RETURN_TYPE = YES_ERROR;
				GCC_WARN_UNDECLARED_SELECTOR = YES;
				GCC_WARN_UNINITIALIZED_AUTOS = YES_AGGRESSIVE;
				GCC_WARN_UNUSED_FUNCTION = YES;
				GCC_WARN_UNUSED_VARIABLE = YES;
				IPHONEOS_DEPLOYMENT_TARGET = 10.0;
				MTL_ENABLE_DEBUG_INFO = NO;
				SDKROOT = iphoneos;
				VALIDATE_PRODUCT = YES;
			};
			name = Release;
		};
		2C55643C1DC60DBE00EB2576 /* Debug */ = {
			isa = XCBuildConfiguration;
			baseConfigurationReference = 4B5A7069CFF593D182DCA171 /* Pods-Tests-RSSReaderTDD.debug.xcconfig */;
			buildSettings = {
				ASSETCATALOG_COMPILER_APPICON_NAME = AppIcon;
				DEVELOPMENT_TEAM = LX5AYDQ4YD;
				INFOPLIST_FILE = RSSReaderTDD/Info.plist;
				LD_RUNPATH_SEARCH_PATHS = "$(inherited) @executable_path/Frameworks";
				PRODUCT_BUNDLE_IDENTIFIER = com.we.RSSReaderTDD;
				PRODUCT_NAME = "$(TARGET_NAME)";
			};
			name = Debug;
		};
		2C55643D1DC60DBE00EB2576 /* Release */ = {
			isa = XCBuildConfiguration;
			baseConfigurationReference = 6EEF1C306159F70970D671C5 /* Pods-Tests-RSSReaderTDD.release.xcconfig */;
			buildSettings = {
				ASSETCATALOG_COMPILER_APPICON_NAME = AppIcon;
				DEVELOPMENT_TEAM = LX5AYDQ4YD;
				INFOPLIST_FILE = RSSReaderTDD/Info.plist;
				LD_RUNPATH_SEARCH_PATHS = "$(inherited) @executable_path/Frameworks";
				PRODUCT_BUNDLE_IDENTIFIER = com.we.RSSReaderTDD;
				PRODUCT_NAME = "$(TARGET_NAME)";
			};
			name = Release;
		};
		2C55643F1DC60DBE00EB2576 /* Debug */ = {
			isa = XCBuildConfiguration;
			baseConfigurationReference = A04EE37412F4FA7B4E242F6F /* Pods-Tests-RSSReaderTDDTests.debug.xcconfig */;
			buildSettings = {
				BUNDLE_LOADER = "$(TEST_HOST)";
				INFOPLIST_FILE = RSSReaderTDDTests/Info.plist;
				LD_RUNPATH_SEARCH_PATHS = "$(inherited) @executable_path/Frameworks @loader_path/Frameworks";
				PRODUCT_BUNDLE_IDENTIFIER = com.we.RSSReaderTDDTests;
				PRODUCT_NAME = "$(TARGET_NAME)";
				TEST_HOST = "$(BUILT_PRODUCTS_DIR)/RSSReaderTDD.app/RSSReaderTDD";
			};
			name = Debug;
		};
		2C5564401DC60DBE00EB2576 /* Release */ = {
			isa = XCBuildConfiguration;
			baseConfigurationReference = AC2525830E929AA8B89DF60B /* Pods-Tests-RSSReaderTDDTests.release.xcconfig */;
			buildSettings = {
				BUNDLE_LOADER = "$(TEST_HOST)";
				INFOPLIST_FILE = RSSReaderTDDTests/Info.plist;
				LD_RUNPATH_SEARCH_PATHS = "$(inherited) @executable_path/Frameworks @loader_path/Frameworks";
				PRODUCT_BUNDLE_IDENTIFIER = com.we.RSSReaderTDDTests;
				PRODUCT_NAME = "$(TARGET_NAME)";
				TEST_HOST = "$(BUILT_PRODUCTS_DIR)/RSSReaderTDD.app/RSSReaderTDD";
			};
			name = Release;
		};
/* End XCBuildConfiguration section */

/* Begin XCConfigurationList section */
		2C5564141DC60DBD00EB2576 /* Build configuration list for PBXProject "RSSReaderTDD" */ = {
			isa = XCConfigurationList;
			buildConfigurations = (
				2C5564391DC60DBE00EB2576 /* Debug */,
				2C55643A1DC60DBE00EB2576 /* Release */,
			);
			defaultConfigurationIsVisible = 0;
			defaultConfigurationName = Release;
		};
		2C55643B1DC60DBE00EB2576 /* Build configuration list for PBXNativeTarget "RSSReaderTDD" */ = {
			isa = XCConfigurationList;
			buildConfigurations = (
				2C55643C1DC60DBE00EB2576 /* Debug */,
				2C55643D1DC60DBE00EB2576 /* Release */,
			);
			defaultConfigurationIsVisible = 0;
			defaultConfigurationName = Release;
		};
		2C55643E1DC60DBE00EB2576 /* Build configuration list for PBXNativeTarget "RSSReaderTDDTests" */ = {
			isa = XCConfigurationList;
			buildConfigurations = (
				2C55643F1DC60DBE00EB2576 /* Debug */,
				2C5564401DC60DBE00EB2576 /* Release */,
			);
			defaultConfigurationIsVisible = 0;
			defaultConfigurationName = Release;
		};
/* End XCConfigurationList section */
	};
	rootObject = 2C5564111DC60DBD00EB2576 /* Project object */;
}
